// !$*UTF8*$!
{
	archiveVersion = 1;
	classes = {
	};
	objectVersion = 46;
	objects = {

/* Begin PBXBuildFile section */
		0A005F6D1B2D9EB300794058 /* MeetiFramework.framework in Frameworks */ = {isa = PBXBuildFile; fileRef = 0A005F6C1B2D9EB300794058 /* MeetiFramework.framework */; };
		0A005F6F1B2D9EBA00794058 /* MeetiFramework.framework in Embed Frameworks */ = {isa = PBXBuildFile; fileRef = 0A005F6C1B2D9EB300794058 /* MeetiFramework.framework */; settings = {ATTRIBUTES = (CodeSignOnCopy, RemoveHeadersOnCopy, ); }; };
		3F6227881B2DDB05000947CD /* InviteView.m in Sources */ = {isa = PBXBuildFile; fileRef = 3F6227861B2DDB05000947CD /* InviteView.m */; };
		3F6227891B2DDB05000947CD /* InviteView.xib in Resources */ = {isa = PBXBuildFile; fileRef = 3F6227871B2DDB05000947CD /* InviteView.xib */; };
		3F921CB21B2DA14000E1A2E6 /* MoTaker.m in Sources */ = {isa = PBXBuildFile; fileRef = 3F921CB11B2DA14000E1A2E6 /* MoTaker.m */; };
		3F921CB51B2DA51700E1A2E6 /* LoginViewController.m in Sources */ = {isa = PBXBuildFile; fileRef = 3F921CB41B2DA51700E1A2E6 /* LoginViewController.m */; };
		3FC6A0B01B2D7E94002AC531 /* main.m in Sources */ = {isa = PBXBuildFile; fileRef = 3FC6A0AF1B2D7E94002AC531 /* main.m */; };
		3FC6A0B31B2D7E94002AC531 /* AppDelegate.m in Sources */ = {isa = PBXBuildFile; fileRef = 3FC6A0B21B2D7E94002AC531 /* AppDelegate.m */; };
		3FC6A0B91B2D7E94002AC531 /* Main.storyboard in Resources */ = {isa = PBXBuildFile; fileRef = 3FC6A0B71B2D7E94002AC531 /* Main.storyboard */; };
		3FC6A0BB1B2D7E94002AC531 /* Images.xcassets in Resources */ = {isa = PBXBuildFile; fileRef = 3FC6A0BA1B2D7E94002AC531 /* Images.xcassets */; };
		3FC6A0BE1B2D7E94002AC531 /* LaunchScreen.xib in Resources */ = {isa = PBXBuildFile; fileRef = 3FC6A0BC1B2D7E94002AC531 /* LaunchScreen.xib */; };
		3FC6A0CA1B2D7E94002AC531 /* TakerTests.m in Sources */ = {isa = PBXBuildFile; fileRef = 3FC6A0C91B2D7E94002AC531 /* TakerTests.m */; };
		3FC6A0DD1B2D987A002AC531 /* GameViewController.m in Sources */ = {isa = PBXBuildFile; fileRef = 3FC6A0DC1B2D987A002AC531 /* GameViewController.m */; };
		3FC6A0E01B2D988B002AC531 /* ProfileViewController.m in Sources */ = {isa = PBXBuildFile; fileRef = 3FC6A0DF1B2D988B002AC531 /* ProfileViewController.m */; };
		3FFE27121B2DC53B00D5203A /* SDRotationLoopProgressView.m in Sources */ = {isa = PBXBuildFile; fileRef = 3FFE27111B2DC53B00D5203A /* SDRotationLoopProgressView.m */; };
		3FFE27181B2DC76300D5203A /* PopupView.m in Sources */ = {isa = PBXBuildFile; fileRef = 3FFE27161B2DC76300D5203A /* PopupView.m */; };
		3FFE27191B2DC76300D5203A /* PopupView.xib in Resources */ = {isa = PBXBuildFile; fileRef = 3FFE27171B2DC76300D5203A /* PopupView.xib */; };
		3FFE271C1B2DC82100D5203A /* SDBaseProgressView.m in Sources */ = {isa = PBXBuildFile; fileRef = 3FFE271B1B2DC82100D5203A /* SDBaseProgressView.m */; };
		3FFE27251B2DC9AD00D5203A /* LewPopupBackgroundView.m in Sources */ = {isa = PBXBuildFile; fileRef = 3FFE27201B2DC9AD00D5203A /* LewPopupBackgroundView.m */; };
		3FFE27261B2DC9AD00D5203A /* LewPopupViewAnimationFade.m in Sources */ = {isa = PBXBuildFile; fileRef = 3FFE27221B2DC9AD00D5203A /* LewPopupViewAnimationFade.m */; };
		3FFE27271B2DC9AD00D5203A /* UIViewController+LewPopupViewController.m in Sources */ = {isa = PBXBuildFile; fileRef = 3FFE27241B2DC9AD00D5203A /* UIViewController+LewPopupViewController.m */; };
/* End PBXBuildFile section */

/* Begin PBXContainerItemProxy section */
		3FC6A0C41B2D7E94002AC531 /* PBXContainerItemProxy */ = {
			isa = PBXContainerItemProxy;
			containerPortal = 3FC6A0A21B2D7E94002AC531 /* Project object */;
			proxyType = 1;
			remoteGlobalIDString = 3FC6A0A91B2D7E94002AC531;
			remoteInfo = Taker;
		};
/* End PBXContainerItemProxy section */

/* Begin PBXCopyFilesBuildPhase section */
		0A005F701B2D9EBA00794058 /* Embed Frameworks */ = {
			isa = PBXCopyFilesBuildPhase;
			buildActionMask = 2147483647;
			dstPath = "";
			dstSubfolderSpec = 10;
			files = (
				0A005F6F1B2D9EBA00794058 /* MeetiFramework.framework in Embed Frameworks */,
			);
			name = "Embed Frameworks";
			runOnlyForDeploymentPostprocessing = 0;
		};
/* End PBXCopyFilesBuildPhase section */

/* Begin PBXFileReference section */
		0A005F6C1B2D9EB300794058 /* MeetiFramework.framework */ = {isa = PBXFileReference; lastKnownFileType = wrapper.framework; path = MeetiFramework.framework; sourceTree = "<group>"; };
		3F6227851B2DDB05000947CD /* InviteView.h */ = {isa = PBXFileReference; fileEncoding = 4; lastKnownFileType = sourcecode.c.h; path = InviteView.h; sourceTree = "<group>"; };
		3F6227861B2DDB05000947CD /* InviteView.m */ = {isa = PBXFileReference; fileEncoding = 4; lastKnownFileType = sourcecode.c.objc; path = InviteView.m; sourceTree = "<group>"; };
		3F6227871B2DDB05000947CD /* InviteView.xib */ = {isa = PBXFileReference; fileEncoding = 4; lastKnownFileType = file.xib; path = InviteView.xib; sourceTree = "<group>"; };
		3F921CB01B2DA14000E1A2E6 /* MoTaker.h */ = {isa = PBXFileReference; fileEncoding = 4; lastKnownFileType = sourcecode.c.h; path = MoTaker.h; sourceTree = "<group>"; };
		3F921CB11B2DA14000E1A2E6 /* MoTaker.m */ = {isa = PBXFileReference; fileEncoding = 4; lastKnownFileType = sourcecode.c.objc; path = MoTaker.m; sourceTree = "<group>"; };
		3F921CB31B2DA51700E1A2E6 /* LoginViewController.h */ = {isa = PBXFileReference; fileEncoding = 4; lastKnownFileType = sourcecode.c.h; path = LoginViewController.h; sourceTree = "<group>"; };
		3F921CB41B2DA51700E1A2E6 /* LoginViewController.m */ = {isa = PBXFileReference; fileEncoding = 4; lastKnownFileType = sourcecode.c.objc; path = LoginViewController.m; sourceTree = "<group>"; };
		3FC6A0AA1B2D7E94002AC531 /* Taker.app */ = {isa = PBXFileReference; explicitFileType = wrapper.application; includeInIndex = 0; path = Taker.app; sourceTree = BUILT_PRODUCTS_DIR; };
		3FC6A0AE1B2D7E94002AC531 /* Info.plist */ = {isa = PBXFileReference; lastKnownFileType = text.plist.xml; path = Info.plist; sourceTree = "<group>"; };
		3FC6A0AF1B2D7E94002AC531 /* main.m */ = {isa = PBXFileReference; lastKnownFileType = sourcecode.c.objc; path = main.m; sourceTree = "<group>"; };
		3FC6A0B11B2D7E94002AC531 /* AppDelegate.h */ = {isa = PBXFileReference; lastKnownFileType = sourcecode.c.h; path = AppDelegate.h; sourceTree = "<group>"; };
		3FC6A0B21B2D7E94002AC531 /* AppDelegate.m */ = {isa = PBXFileReference; lastKnownFileType = sourcecode.c.objc; path = AppDelegate.m; sourceTree = "<group>"; };
		3FC6A0B81B2D7E94002AC531 /* Base */ = {isa = PBXFileReference; lastKnownFileType = file.storyboard; name = Base; path = Base.lproj/Main.storyboard; sourceTree = "<group>"; };
		3FC6A0BA1B2D7E94002AC531 /* Images.xcassets */ = {isa = PBXFileReference; lastKnownFileType = folder.assetcatalog; path = Images.xcassets; sourceTree = "<group>"; };
		3FC6A0BD1B2D7E94002AC531 /* Base */ = {isa = PBXFileReference; lastKnownFileType = file.xib; name = Base; path = Base.lproj/LaunchScreen.xib; sourceTree = "<group>"; };
		3FC6A0C31B2D7E94002AC531 /* TakerTests.xctest */ = {isa = PBXFileReference; explicitFileType = wrapper.cfbundle; includeInIndex = 0; path = TakerTests.xctest; sourceTree = BUILT_PRODUCTS_DIR; };
		3FC6A0C81B2D7E94002AC531 /* Info.plist */ = {isa = PBXFileReference; lastKnownFileType = text.plist.xml; path = Info.plist; sourceTree = "<group>"; };
		3FC6A0C91B2D7E94002AC531 /* TakerTests.m */ = {isa = PBXFileReference; lastKnownFileType = sourcecode.c.objc; path = TakerTests.m; sourceTree = "<group>"; };
		3FC6A0DB1B2D987A002AC531 /* GameViewController.h */ = {isa = PBXFileReference; fileEncoding = 4; lastKnownFileType = sourcecode.c.h; path = GameViewController.h; sourceTree = "<group>"; };
		3FC6A0DC1B2D987A002AC531 /* GameViewController.m */ = {isa = PBXFileReference; fileEncoding = 4; lastKnownFileType = sourcecode.c.objc; path = GameViewController.m; sourceTree = "<group>"; };
		3FC6A0DE1B2D988B002AC531 /* ProfileViewController.h */ = {isa = PBXFileReference; fileEncoding = 4; lastKnownFileType = sourcecode.c.h; path = ProfileViewController.h; sourceTree = "<group>"; };
		3FC6A0DF1B2D988B002AC531 /* ProfileViewController.m */ = {isa = PBXFileReference; fileEncoding = 4; lastKnownFileType = sourcecode.c.objc; path = ProfileViewController.m; sourceTree = "<group>"; };
		3FFE27101B2DC53B00D5203A /* SDRotationLoopProgressView.h */ = {isa = PBXFileReference; fileEncoding = 4; lastKnownFileType = sourcecode.c.h; path = SDRotationLoopProgressView.h; sourceTree = "<group>"; };
		3FFE27111B2DC53B00D5203A /* SDRotationLoopProgressView.m */ = {isa = PBXFileReference; fileEncoding = 4; lastKnownFileType = sourcecode.c.objc; path = SDRotationLoopProgressView.m; sourceTree = "<group>"; };
		3FFE27151B2DC76300D5203A /* PopupView.h */ = {isa = PBXFileReference; fileEncoding = 4; lastKnownFileType = sourcecode.c.h; path = PopupView.h; sourceTree = "<group>"; };
		3FFE27161B2DC76300D5203A /* PopupView.m */ = {isa = PBXFileReference; fileEncoding = 4; lastKnownFileType = sourcecode.c.objc; path = PopupView.m; sourceTree = "<group>"; };
		3FFE27171B2DC76300D5203A /* PopupView.xib */ = {isa = PBXFileReference; fileEncoding = 4; lastKnownFileType = file.xib; path = PopupView.xib; sourceTree = "<group>"; };
		3FFE271A1B2DC82100D5203A /* SDBaseProgressView.h */ = {isa = PBXFileReference; fileEncoding = 4; lastKnownFileType = sourcecode.c.h; path = SDBaseProgressView.h; sourceTree = "<group>"; };
		3FFE271B1B2DC82100D5203A /* SDBaseProgressView.m */ = {isa = PBXFileReference; fileEncoding = 4; lastKnownFileType = sourcecode.c.objc; path = SDBaseProgressView.m; sourceTree = "<group>"; };
		3FFE271F1B2DC9AD00D5203A /* LewPopupBackgroundView.h */ = {isa = PBXFileReference; fileEncoding = 4; lastKnownFileType = sourcecode.c.h; path = LewPopupBackgroundView.h; sourceTree = "<group>"; };
		3FFE27201B2DC9AD00D5203A /* LewPopupBackgroundView.m */ = {isa = PBXFileReference; fileEncoding = 4; lastKnownFileType = sourcecode.c.objc; path = LewPopupBackgroundView.m; sourceTree = "<group>"; };
		3FFE27211B2DC9AD00D5203A /* LewPopupViewAnimationFade.h */ = {isa = PBXFileReference; fileEncoding = 4; lastKnownFileType = sourcecode.c.h; path = LewPopupViewAnimationFade.h; sourceTree = "<group>"; };
		3FFE27221B2DC9AD00D5203A /* LewPopupViewAnimationFade.m */ = {isa = PBXFileReference; fileEncoding = 4; lastKnownFileType = sourcecode.c.objc; path = LewPopupViewAnimationFade.m; sourceTree = "<group>"; };
		3FFE27231B2DC9AD00D5203A /* UIViewController+LewPopupViewController.h */ = {isa = PBXFileReference; fileEncoding = 4; lastKnownFileType = sourcecode.c.h; path = "UIViewController+LewPopupViewController.h"; sourceTree = "<group>"; };
		3FFE27241B2DC9AD00D5203A /* UIViewController+LewPopupViewController.m */ = {isa = PBXFileReference; fileEncoding = 4; lastKnownFileType = sourcecode.c.objc; path = "UIViewController+LewPopupViewController.m"; sourceTree = "<group>"; };
/* End PBXFileReference section */

/* Begin PBXFrameworksBuildPhase section */
		3FC6A0A71B2D7E94002AC531 /* Frameworks */ = {
			isa = PBXFrameworksBuildPhase;
			buildActionMask = 2147483647;
			files = (
				0A005F6D1B2D9EB300794058 /* MeetiFramework.framework in Frameworks */,
			);
			runOnlyForDeploymentPostprocessing = 0;
		};
		3FC6A0C01B2D7E94002AC531 /* Frameworks */ = {
			isa = PBXFrameworksBuildPhase;
			buildActionMask = 2147483647;
			files = (
			);
			runOnlyForDeploymentPostprocessing = 0;
		};
/* End PBXFrameworksBuildPhase section */

/* Begin PBXGroup section */
		3F6227841B2DCC38000947CD /* SDProgressView */ = {
			isa = PBXGroup;
			children = (
				3FFE271A1B2DC82100D5203A /* SDBaseProgressView.h */,
				3FFE271B1B2DC82100D5203A /* SDBaseProgressView.m */,
				3FFE27101B2DC53B00D5203A /* SDRotationLoopProgressView.h */,
				3FFE27111B2DC53B00D5203A /* SDRotationLoopProgressView.m */,
			);
			name = SDProgressView;
			sourceTree = "<group>";
		};
		3FC6A0A11B2D7E94002AC531 = {
			isa = PBXGroup;
			children = (
				3FC6A0AC1B2D7E94002AC531 /* Taker */,
				3FC6A0C61B2D7E94002AC531 /* TakerTests */,
				3FC6A0AB1B2D7E94002AC531 /* Products */,
			);
			sourceTree = "<group>";
		};
		3FC6A0AB1B2D7E94002AC531 /* Products */ = {
			isa = PBXGroup;
			children = (
				3FC6A0AA1B2D7E94002AC531 /* Taker.app */,
				3FC6A0C31B2D7E94002AC531 /* TakerTests.xctest */,
			);
			name = Products;
			sourceTree = "<group>";
		};
		3FC6A0AC1B2D7E94002AC531 /* Taker */ = {
			isa = PBXGroup;
			children = (
				3FC6A0B11B2D7E94002AC531 /* AppDelegate.h */,
				3FC6A0B21B2D7E94002AC531 /* AppDelegate.m */,
				3FC6A0B71B2D7E94002AC531 /* Main.storyboard */,
				3FC6A0BA1B2D7E94002AC531 /* Images.xcassets */,
				3FC6A0BC1B2D7E94002AC531 /* LaunchScreen.xib */,
				3F921CB01B2DA14000E1A2E6 /* MoTaker.h */,
				3F921CB11B2DA14000E1A2E6 /* MoTaker.m */,
				3F921CB31B2DA51700E1A2E6 /* LoginViewController.h */,
				3F921CB41B2DA51700E1A2E6 /* LoginViewController.m */,
				3FC6A0DB1B2D987A002AC531 /* GameViewController.h */,
				3FC6A0DC1B2D987A002AC531 /* GameViewController.m */,
				3F6227851B2DDB05000947CD /* InviteView.h */,
				3F6227861B2DDB05000947CD /* InviteView.m */,
				3F6227871B2DDB05000947CD /* InviteView.xib */,
				3FC6A0DE1B2D988B002AC531 /* ProfileViewController.h */,
				3FC6A0DF1B2D988B002AC531 /* ProfileViewController.m */,
				3F6227841B2DCC38000947CD /* SDProgressView */,
				3FFE27151B2DC76300D5203A /* PopupView.h */,
				3FFE27161B2DC76300D5203A /* PopupView.m */,
				3FFE27171B2DC76300D5203A /* PopupView.xib */,
				3FFE27281B2DCA0200D5203A /* LewPopup */,
				0A005F6C1B2D9EB300794058 /* MeetiFramework.framework */,
				3FC6A0AD1B2D7E94002AC531 /* Supporting Files */,
			);
			path = Taker;
			sourceTree = "<group>";
		};
		3FC6A0AD1B2D7E94002AC531 /* Supporting Files */ = {
			isa = PBXGroup;
			children = (
				3FC6A0AE1B2D7E94002AC531 /* Info.plist */,
				3FC6A0AF1B2D7E94002AC531 /* main.m */,
			);
			name = "Supporting Files";
			sourceTree = "<group>";
		};
		3FC6A0C61B2D7E94002AC531 /* TakerTests */ = {
			isa = PBXGroup;
			children = (
				3FC6A0C91B2D7E94002AC531 /* TakerTests.m */,
				3FC6A0C71B2D7E94002AC531 /* Supporting Files */,
			);
			path = TakerTests;
			sourceTree = "<group>";
		};
		3FC6A0C71B2D7E94002AC531 /* Supporting Files */ = {
			isa = PBXGroup;
			children = (
				3FC6A0C81B2D7E94002AC531 /* Info.plist */,
			);
			name = "Supporting Files";
			sourceTree = "<group>";
		};
		3FFE27281B2DCA0200D5203A /* LewPopup */ = {
			isa = PBXGroup;
			children = (
				3FFE271F1B2DC9AD00D5203A /* LewPopupBackgroundView.h */,
				3FFE27201B2DC9AD00D5203A /* LewPopupBackgroundView.m */,
				3FFE27211B2DC9AD00D5203A /* LewPopupViewAnimationFade.h */,
				3FFE27221B2DC9AD00D5203A /* LewPopupViewAnimationFade.m */,
				3FFE27231B2DC9AD00D5203A /* UIViewController+LewPopupViewController.h */,
				3FFE27241B2DC9AD00D5203A /* UIViewController+LewPopupViewController.m */,
			);
			name = LewPopup;
			sourceTree = "<group>";
		};
/* End PBXGroup section */

/* Begin PBXNativeTarget section */
		3FC6A0A91B2D7E94002AC531 /* Taker */ = {
			isa = PBXNativeTarget;
			buildConfigurationList = 3FC6A0CD1B2D7E94002AC531 /* Build configuration list for PBXNativeTarget "Taker" */;
			buildPhases = (
				3FC6A0A61B2D7E94002AC531 /* Sources */,
				3FC6A0A71B2D7E94002AC531 /* Frameworks */,
				3FC6A0A81B2D7E94002AC531 /* Resources */,
				0A005F701B2D9EBA00794058 /* Embed Frameworks */,
			);
			buildRules = (
			);
			dependencies = (
			);
			name = Taker;
			productName = Taker;
			productReference = 3FC6A0AA1B2D7E94002AC531 /* Taker.app */;
			productType = "com.apple.product-type.application";
		};
		3FC6A0C21B2D7E94002AC531 /* TakerTests */ = {
			isa = PBXNativeTarget;
			buildConfigurationList = 3FC6A0D01B2D7E94002AC531 /* Build configuration list for PBXNativeTarget "TakerTests" */;
			buildPhases = (
				3FC6A0BF1B2D7E94002AC531 /* Sources */,
				3FC6A0C01B2D7E94002AC531 /* Frameworks */,
				3FC6A0C11B2D7E94002AC531 /* Resources */,
			);
			buildRules = (
			);
			dependencies = (
				3FC6A0C51B2D7E94002AC531 /* PBXTargetDependency */,
			);
			name = TakerTests;
			productName = TakerTests;
			productReference = 3FC6A0C31B2D7E94002AC531 /* TakerTests.xctest */;
			productType = "com.apple.product-type.bundle.unit-test";
		};
/* End PBXNativeTarget section */

/* Begin PBXProject section */
		3FC6A0A21B2D7E94002AC531 /* Project object */ = {
			isa = PBXProject;
			attributes = {
				LastUpgradeCheck = 0630;
				ORGANIZATIONNAME = mobagel;
				TargetAttributes = {
					3FC6A0A91B2D7E94002AC531 = {
						CreatedOnToolsVersion = 6.3.1;
					};
					3FC6A0C21B2D7E94002AC531 = {
						CreatedOnToolsVersion = 6.3.1;
						TestTargetID = 3FC6A0A91B2D7E94002AC531;
					};
				};
			};
			buildConfigurationList = 3FC6A0A51B2D7E94002AC531 /* Build configuration list for PBXProject "Taker" */;
			compatibilityVersion = "Xcode 3.2";
			developmentRegion = English;
			hasScannedForEncodings = 0;
			knownRegions = (
				en,
				Base,
			);
			mainGroup = 3FC6A0A11B2D7E94002AC531;
			productRefGroup = 3FC6A0AB1B2D7E94002AC531 /* Products */;
			projectDirPath = "";
			projectRoot = "";
			targets = (
				3FC6A0A91B2D7E94002AC531 /* Taker */,
				3FC6A0C21B2D7E94002AC531 /* TakerTests */,
			);
		};
/* End PBXProject section */

/* Begin PBXResourcesBuildPhase section */
		3FC6A0A81B2D7E94002AC531 /* Resources */ = {
			isa = PBXResourcesBuildPhase;
			buildActionMask = 2147483647;
			files = (
				3FC6A0B91B2D7E94002AC531 /* Main.storyboard in Resources */,
				3FC6A0BE1B2D7E94002AC531 /* LaunchScreen.xib in Resources */,
				3FFE27191B2DC76300D5203A /* PopupView.xib in Resources */,
				3F6227891B2DDB05000947CD /* InviteView.xib in Resources */,
				3FC6A0BB1B2D7E94002AC531 /* Images.xcassets in Resources */,
			);
			runOnlyForDeploymentPostprocessing = 0;
		};
		3FC6A0C11B2D7E94002AC531 /* Resources */ = {
			isa = PBXResourcesBuildPhase;
			buildActionMask = 2147483647;
			files = (
			);
			runOnlyForDeploymentPostprocessing = 0;
		};
/* End PBXResourcesBuildPhase section */

/* Begin PBXSourcesBuildPhase section */
		3FC6A0A61B2D7E94002AC531 /* Sources */ = {
			isa = PBXSourcesBuildPhase;
			buildActionMask = 2147483647;
			files = (
				3FFE27121B2DC53B00D5203A /* SDRotationLoopProgressView.m in Sources */,
				3FFE27261B2DC9AD00D5203A /* LewPopupViewAnimationFade.m in Sources */,
				3FC6A0B31B2D7E94002AC531 /* AppDelegate.m in Sources */,
				3F6227881B2DDB05000947CD /* InviteView.m in Sources */,
				3FFE27271B2DC9AD00D5203A /* UIViewController+LewPopupViewController.m in Sources */,
				3FC6A0DD1B2D987A002AC531 /* GameViewController.m in Sources */,
				3F921CB51B2DA51700E1A2E6 /* LoginViewController.m in Sources */,
				3FC6A0E01B2D988B002AC531 /* ProfileViewController.m in Sources */,
				3FFE27181B2DC76300D5203A /* PopupView.m in Sources */,
				3FFE27251B2DC9AD00D5203A /* LewPopupBackgroundView.m in Sources */,
				3FC6A0B01B2D7E94002AC531 /* main.m in Sources */,
				3F921CB21B2DA14000E1A2E6 /* MoTaker.m in Sources */,
				3FFE271C1B2DC82100D5203A /* SDBaseProgressView.m in Sources */,
			);
			runOnlyForDeploymentPostprocessing = 0;
		};
		3FC6A0BF1B2D7E94002AC531 /* Sources */ = {
			isa = PBXSourcesBuildPhase;
			buildActionMask = 2147483647;
			files = (
				3FC6A0CA1B2D7E94002AC531 /* TakerTests.m in Sources */,
			);
			runOnlyForDeploymentPostprocessing = 0;
		};
/* End PBXSourcesBuildPhase section */

/* Begin PBXTargetDependency section */
		3FC6A0C51B2D7E94002AC531 /* PBXTargetDependency */ = {
			isa = PBXTargetDependency;
			target = 3FC6A0A91B2D7E94002AC531 /* Taker */;
			targetProxy = 3FC6A0C41B2D7E94002AC531 /* PBXContainerItemProxy */;
		};
/* End PBXTargetDependency section */

/* Begin PBXVariantGroup section */
		3FC6A0B71B2D7E94002AC531 /* Main.storyboard */ = {
			isa = PBXVariantGroup;
			children = (
				3FC6A0B81B2D7E94002AC531 /* Base */,
			);
			name = Main.storyboard;
			sourceTree = "<group>";
		};
		3FC6A0BC1B2D7E94002AC531 /* LaunchScreen.xib */ = {
			isa = PBXVariantGroup;
			children = (
				3FC6A0BD1B2D7E94002AC531 /* Base */,
			);
			name = LaunchScreen.xib;
			sourceTree = "<group>";
		};
/* End PBXVariantGroup section */

/* Begin XCBuildConfiguration section */
		3FC6A0CB1B2D7E94002AC531 /* Debug */ = {
			isa = XCBuildConfiguration;
			buildSettings = {
				ALWAYS_SEARCH_USER_PATHS = NO;
				CLANG_CXX_LANGUAGE_STANDARD = "gnu++0x";
				CLANG_CXX_LIBRARY = "libc++";
				CLANG_ENABLE_MODULES = YES;
				CLANG_ENABLE_OBJC_ARC = YES;
				CLANG_WARN_BOOL_CONVERSION = YES;
				CLANG_WARN_CONSTANT_CONVERSION = YES;
				CLANG_WARN_DIRECT_OBJC_ISA_USAGE = YES_ERROR;
				CLANG_WARN_EMPTY_BODY = YES;
				CLANG_WARN_ENUM_CONVERSION = YES;
				CLANG_WARN_INT_CONVERSION = YES;
				CLANG_WARN_OBJC_ROOT_CLASS = YES_ERROR;
				CLANG_WARN_UNREACHABLE_CODE = YES;
				CLANG_WARN__DUPLICATE_METHOD_MATCH = YES;
				"CODE_SIGN_IDENTITY[sdk=iphoneos*]" = "iPhone Developer";
				COPY_PHASE_STRIP = NO;
				DEBUG_INFORMATION_FORMAT = "dwarf-with-dsym";
				ENABLE_STRICT_OBJC_MSGSEND = YES;
				GCC_C_LANGUAGE_STANDARD = gnu99;
				GCC_DYNAMIC_NO_PIC = NO;
				GCC_NO_COMMON_BLOCKS = YES;
				GCC_OPTIMIZATION_LEVEL = 0;
				GCC_PREPROCESSOR_DEFINITIONS = (
					"DEBUG=1",
					"$(inherited)",
				);
				GCC_SYMBOLS_PRIVATE_EXTERN = NO;
				GCC_WARN_64_TO_32_BIT_CONVERSION = YES;
				GCC_WARN_ABOUT_RETURN_TYPE = YES_ERROR;
				GCC_WARN_UNDECLARED_SELECTOR = YES;
				GCC_WARN_UNINITIALIZED_AUTOS = YES_AGGRESSIVE;
				GCC_WARN_UNUSED_FUNCTION = YES;
				GCC_WARN_UNUSED_VARIABLE = YES;
				IPHONEOS_DEPLOYMENT_TARGET = 8.3;
				MTL_ENABLE_DEBUG_INFO = YES;
				ONLY_ACTIVE_ARCH = YES;
				SDKROOT = iphoneos;
			};
			name = Debug;
		};
		3FC6A0CC1B2D7E94002AC531 /* Release */ = {
			isa = XCBuildConfiguration;
			buildSettings = {
				ALWAYS_SEARCH_USER_PATHS = NO;
				CLANG_CXX_LANGUAGE_STANDARD = "gnu++0x";
				CLANG_CXX_LIBRARY = "libc++";
				CLANG_ENABLE_MODULES = YES;
				CLANG_ENABLE_OBJC_ARC = YES;
				CLANG_WARN_BOOL_CONVERSION = YES;
				CLANG_WARN_CONSTANT_CONVERSION = YES;
				CLANG_WARN_DIRECT_OBJC_ISA_USAGE = YES_ERROR;
				CLANG_WARN_EMPTY_BODY = YES;
				CLANG_WARN_ENUM_CONVERSION = YES;
				CLANG_WARN_INT_CONVERSION = YES;
				CLANG_WARN_OBJC_ROOT_CLASS = YES_ERROR;
				CLANG_WARN_UNREACHABLE_CODE = YES;
				CLANG_WARN__DUPLICATE_METHOD_MATCH = YES;
				"CODE_SIGN_IDENTITY[sdk=iphoneos*]" = "iPhone Developer";
				COPY_PHASE_STRIP = NO;
				DEBUG_INFORMATION_FORMAT = "dwarf-with-dsym";
				ENABLE_NS_ASSERTIONS = NO;
				ENABLE_STRICT_OBJC_MSGSEND = YES;
				GCC_C_LANGUAGE_STANDARD = gnu99;
				GCC_NO_COMMON_BLOCKS = YES;
				GCC_WARN_64_TO_32_BIT_CONVERSION = YES;
				GCC_WARN_ABOUT_RETURN_TYPE = YES_ERROR;
				GCC_WARN_UNDECLARED_SELECTOR = YES;
				GCC_WARN_UNINITIALIZED_AUTOS = YES_AGGRESSIVE;
				GCC_WARN_UNUSED_FUNCTION = YES;
				GCC_WARN_UNUSED_VARIABLE = YES;
				IPHONEOS_DEPLOYMENT_TARGET = 8.3;
				MTL_ENABLE_DEBUG_INFO = NO;
				SDKROOT = iphoneos;
				VALIDATE_PRODUCT = YES;
			};
			name = Release;
		};
		3FC6A0CE1B2D7E94002AC531 /* Debug */ = {
			isa = XCBuildConfiguration;
			buildSettings = {
				ASSETCATALOG_COMPILER_APPICON_NAME = AppIcon;
				FRAMEWORK_SEARCH_PATHS = (
					"$(inherited)",
					"$(PROJECT_DIR)/Taker",
				);
				INFOPLIST_FILE = Taker/Info.plist;
				LD_RUNPATH_SEARCH_PATHS = "$(inherited) @executable_path/Frameworks";
				PRODUCT_NAME = "$(TARGET_NAME)";
			};
			name = Debug;
		};
		3FC6A0CF1B2D7E94002AC531 /* Release */ = {
			isa = XCBuildConfiguration;
			buildSettings = {
				ASSETCATALOG_COMPILER_APPICON_NAME = AppIcon;
				FRAMEWORK_SEARCH_PATHS = (
					"$(inherited)",
					"$(PROJECT_DIR)/Taker",
				);
				INFOPLIST_FILE = Taker/Info.plist;
				LD_RUNPATH_SEARCH_PATHS = "$(inherited) @executable_path/Frameworks";
				PRODUCT_NAME = "$(TARGET_NAME)";
			};
			name = Release;
		};
		3FC6A0D11B2D7E94002AC531 /* Debug */ = {
			isa = XCBuildConfiguration;
			buildSettings = {
				BUNDLE_LOADER = "$(TEST_HOST)";
				FRAMEWORK_SEARCH_PATHS = (
					"$(SDKROOT)/Developer/Library/Frameworks",
					"$(inherited)",
				);
				GCC_PREPROCESSOR_DEFINITIONS = (
					"DEBUG=1",
					"$(inherited)",
				);
				INFOPLIST_FILE = TakerTests/Info.plist;
				LD_RUNPATH_SEARCH_PATHS = "$(inherited) @executable_path/Frameworks @loader_path/Frameworks";
				PRODUCT_NAME = "$(TARGET_NAME)";
				TEST_HOST = "$(BUILT_PRODUCTS_DIR)/Taker.app/Taker";
			};
			name = Debug;
		};
		3FC6A0D21B2D7E94002AC531 /* Release */ = {
			isa = XCBuildConfiguration;
			buildSettings = {
				BUNDLE_LOADER = "$(TEST_HOST)";
				FRAMEWORK_SEARCH_PATHS = (
					"$(SDKROOT)/Developer/Library/Frameworks",
					"$(inherited)",
				);
				INFOPLIST_FILE = TakerTests/Info.plist;
				LD_RUNPATH_SEARCH_PATHS = "$(inherited) @executable_path/Frameworks @loader_path/Frameworks";
				PRODUCT_NAME = "$(TARGET_NAME)";
				TEST_HOST = "$(BUILT_PRODUCTS_DIR)/Taker.app/Taker";
			};
			name = Release;
		};
/* End XCBuildConfiguration section */

/* Begin XCConfigurationList section */
		3FC6A0A51B2D7E94002AC531 /* Build configuration list for PBXProject "Taker" */ = {
			isa = XCConfigurationList;
			buildConfigurations = (
				3FC6A0CB1B2D7E94002AC531 /* Debug */,
				3FC6A0CC1B2D7E94002AC531 /* Release */,
			);
			defaultConfigurationIsVisible = 0;
			defaultConfigurationName = Release;
		};
		3FC6A0CD1B2D7E94002AC531 /* Build configuration list for PBXNativeTarget "Taker" */ = {
			isa = XCConfigurationList;
			buildConfigurations = (
				3FC6A0CE1B2D7E94002AC531 /* Debug */,
				3FC6A0CF1B2D7E94002AC531 /* Release */,
			);
			defaultConfigurationIsVisible = 0;
			defaultConfigurationName = Release;
		};
		3FC6A0D01B2D7E94002AC531 /* Build configuration list for PBXNativeTarget "TakerTests" */ = {
			isa = XCConfigurationList;
			buildConfigurations = (
				3FC6A0D11B2D7E94002AC531 /* Debug */,
				3FC6A0D21B2D7E94002AC531 /* Release */,
			);
			defaultConfigurationIsVisible = 0;
			defaultConfigurationName = Release;
		};
/* End XCConfigurationList section */
	};
	rootObject = 3FC6A0A21B2D7E94002AC531 /* Project object */;
}
